{
  "object": {
    "pins": [
      {
        "package": "AXSwift",
        "repositoryURL": "https://github.com/tmandry/AXSwift",
        "state": {
          "branch": "master",
          "revision": "b4db10b2c28583f5c51033166be60a572ff39dcb",
          "version": null
        }
      }
    ]
  },
  "version": 1
}
